
Microsoft Visual Studio Solution File, Format Version 12.00
# Visual Studio Version 16
VisualStudioVersion = 16.0.29519.87
MinimumVisualStudioVersion = 10.0.40219.1
Project("{FAE04EC0-301F-11D3-BF4B-00C04F79EFBC}") = "Sky_TNT", "Sky_TNT\Sky_TNT.csproj", "{40E21691-0173-46BB-8324-6DF05D81F1E4}"
EndProject
Global
	GlobalSection(SolutionConfigurationPlatforms) = preSolution
		Debug|Any CPU = Debug|Any CPU
		Release|Any CPU = Release|Any CPU
	EndGlobalSection
	GlobalSection(ProjectConfigurationPlatforms) = postSolution
		{40E21691-0173-46BB-8324-6DF05D81F1E4}.Debug|Any CPU.ActiveCfg = Debug|Any CPU
		{40E21691-0173-46BB-8324-6DF05D81F1E4}.Debug|Any CPU.Build.0 = Debug|Any CPU
		{40E21691-0173-46BB-8324-6DF05D81F1E4}.Release|Any CPU.ActiveCfg = Release|Any CPU
		{40E21691-0173-46BB-8324-6DF05D81F1E4}.Release|Any CPU.Build.0 = Release|Any CPU
	EndGlobalSection
	GlobalSection(SolutionProperties) = preSolution
		HideSolutionNode = FALSE
	EndGlobalSection
	GlobalSection(ExtensibilityGlobals) = postSolution
		SolutionGuid = {7139012D-EC71-47EB-8B12-EBD9B33DD859}
	EndGlobalSection
EndGlobal
